
Microsoft Visual Studio Solution File, Format Version 12.00
# Visual Studio Version 17
VisualStudioVersion = 17.2.32526.322
MinimumVisualStudioVersion = 10.0.40219.1
Project("{FAE04EC0-301F-11D3-BF4B-00C04F79EFBC}") = "App", "App\App.csproj", "{3ADF8425-2831-4299-9190-D6537F1D370D}"
EndProject
Project("{FAE04EC0-301F-11D3-BF4B-00C04F79EFBC}") = "CapaLogica", "CapaLogica\CapaLogica.csproj", "{512FBA0B-9A88-4E1C-9AC6-ED0A236CDEEC}"
EndProject
Project("{FAE04EC0-301F-11D3-BF4B-00C04F79EFBC}") = "CapaDatos", "CapaDatos\CapaDatos.csproj", "{1E6E5DB4-3897-4ADE-B667-FF83E253316A}"
EndProject
Project("{54435603-DBB4-11D2-8724-00A0C9A8B90C}") = "Setup - SRD Epico", "Setup - SRD Epico\Setup - SRD Epico.vdproj", "{E437AE27-C2FE-4AF6-AA45-52E83E3F2234}"
EndProject
Global
	GlobalSection(SolutionConfigurationPlatforms) = preSolution
		Debug|Any CPU = Debug|Any CPU
		Release|Any CPU = Release|Any CPU
	EndGlobalSection
	GlobalSection(ProjectConfigurationPlatforms) = postSolution
		{3ADF8425-2831-4299-9190-D6537F1D370D}.Debug|Any CPU.ActiveCfg = Debug|Any CPU
		{3ADF8425-2831-4299-9190-D6537F1D370D}.Debug|Any CPU.Build.0 = Debug|Any CPU
		{3ADF8425-2831-4299-9190-D6537F1D370D}.Release|Any CPU.ActiveCfg = Release|Any CPU
		{3ADF8425-2831-4299-9190-D6537F1D370D}.Release|Any CPU.Build.0 = Release|Any CPU
		{512FBA0B-9A88-4E1C-9AC6-ED0A236CDEEC}.Debug|Any CPU.ActiveCfg = Debug|Any CPU
		{512FBA0B-9A88-4E1C-9AC6-ED0A236CDEEC}.Debug|Any CPU.Build.0 = Debug|Any CPU
		{512FBA0B-9A88-4E1C-9AC6-ED0A236CDEEC}.Release|Any CPU.ActiveCfg = Release|Any CPU
		{512FBA0B-9A88-4E1C-9AC6-ED0A236CDEEC}.Release|Any CPU.Build.0 = Release|Any CPU
		{1E6E5DB4-3897-4ADE-B667-FF83E253316A}.Debug|Any CPU.ActiveCfg = Debug|Any CPU
		{1E6E5DB4-3897-4ADE-B667-FF83E253316A}.Debug|Any CPU.Build.0 = Debug|Any CPU
		{1E6E5DB4-3897-4ADE-B667-FF83E253316A}.Release|Any CPU.ActiveCfg = Release|Any CPU
		{1E6E5DB4-3897-4ADE-B667-FF83E253316A}.Release|Any CPU.Build.0 = Release|Any CPU
		{E437AE27-C2FE-4AF6-AA45-52E83E3F2234}.Debug|Any CPU.ActiveCfg = Debug
		{E437AE27-C2FE-4AF6-AA45-52E83E3F2234}.Release|Any CPU.ActiveCfg = Release
	EndGlobalSection
	GlobalSection(SolutionProperties) = preSolution
		HideSolutionNode = FALSE
	EndGlobalSection
	GlobalSection(ExtensibilityGlobals) = postSolution
		SolutionGuid = {C4B4C531-F24C-468A-90E6-2B2D04F6823F}
		RESX_NeutralResourcesLanguage = es-AR
		RESX_PrefixTranslations = False
		RESX_SortFileContentOnSave = False
	EndGlobalSection
EndGlobal
